
Microsoft Visual Studio Solution File, Format Version 12.00
# Visual Studio Version 16
VisualStudioVersion = 16.0.29519.87
MinimumVisualStudioVersion = 10.0.40219.1
Project("{FAE04EC0-301F-11D3-BF4B-00C04F79EFBC}") = "reactive", "reactive\reactive.csproj", "{49E248C2-331A-4E40-9165-4D6A8628E36D}"
EndProject
Global
	GlobalSection(SolutionConfigurationPlatforms) = preSolution
		Debug|Any CPU = Debug|Any CPU
		Release|Any CPU = Release|Any CPU
	EndGlobalSection
	GlobalSection(ProjectConfigurationPlatforms) = postSolution
		{49E248C2-331A-4E40-9165-4D6A8628E36D}.Debug|Any CPU.ActiveCfg = Debug|Any CPU
		{49E248C2-331A-4E40-9165-4D6A8628E36D}.Debug|Any CPU.Build.0 = Debug|Any CPU
		{49E248C2-331A-4E40-9165-4D6A8628E36D}.Release|Any CPU.ActiveCfg = Release|Any CPU
		{49E248C2-331A-4E40-9165-4D6A8628E36D}.Release|Any CPU.Build.0 = Release|Any CPU
	EndGlobalSection
	GlobalSection(SolutionProperties) = preSolution
		HideSolutionNode = FALSE
	EndGlobalSection
	GlobalSection(ExtensibilityGlobals) = postSolution
		SolutionGuid = {9441ECBD-9D3E-4F65-980A-914DED51263C}
	EndGlobalSection
EndGlobal
